{
  "name": "capital-ai-runtime",
  "version": "0.8.0-alpha.1",
  "lockfileVersion": 3,
  "requires": true,
  "packages": {
    "": {
      "name": "capital-ai-runtime",
      "version": "0.8.0-alpha.1",
      "dependencies": {
        "@nats-io/jetstream": "3.4.0",
        "@nats-io/transport-node": "3.4.0",
        "redis": "6.3.0",
        "zod": "4.6.5"
      }
    },
    "node_modules/@nats-io/jetstream": {
      "version": "3.4.0",
      "resolved": "https://registry.npmjs.org/@nats-io/jetstream/-/jetstream-3.4.0.tgz",
      "integrity": "sha512-GzHQodNJ942+R5LRb8PuZ5ugVWVWMRiufxUYLLVWkXKfwDXYN+Owo0d7L/b9O7BPyrbYD7jQWAC6+ZVuXa9Gyw==",
      "license": "Apache-2.0",
      "dependencies": {
        "@nats-io/nats-core": "3.4.0"
      }
    },
    "node_modules/@nats-io/nats-core": {
      "version": "3.4.0",
      "resolved": "https://registry.npmjs.org/@nats-io/nats-core/-/nats-core-3.4.0.tgz",
      "integrity": "sha512-QMDM86EUNm+wudlKC67HLar/KHHQUvJGLfb4jbahje3pUk3K9afeck9fwsxBZF0eUFox6T/TA6m/t+lQqf+QsQ==",
      "license": "Apache-2.0",
      "dependencies": {
        "@nats-io/nkeys": "2.0.3",
        "@nats-io/nuid": "3.0.0"
      }
    },
    "node_modules/@nats-io/nkeys": {
      "version": "2.0.3",
      "resolved": "https://registry.npmjs.org/@nats-io/nkeys/-/nkeys-2.0.3.tgz",
      "integrity": "sha512-JVt56GuE6Z89KUkI4TXUbSI9fmIfAmk6PMPknijmuL72GcD+UgIomTcRWiNvvJKxA01sBbmIPStqJs5cMRBC3A==",
      "license": "Apache-2.0",
      "dependencies": {
        "tweetnacl": "^1.0.3"
      },
      "engines": {
        "node": ">=18.0.0"
      }
    },
    "node_modules/@nats-io/nuid": {
      "version": "3.0.0",
      "resolved": "https://registry.npmjs.org/@nats-io/nuid/-/nuid-3.0.0.tgz",
      "integrity": "sha512-QbXZDrxmYlrn5AD06gYcUTmEHwxn96HBQMIk7XTjDlEcx6FPzVBBPjp4AMRh1lEv6B4iJ6Xb/Uz61JugPXFRQg==",
      "license": "Apache-2.0",
      "engines": {
        "node": ">= 22.x"
      }
    },
    "node_modules/@nats-io/transport-node": {
      "version": "3.4.0",
      "resolved": "https://registry.npmjs.org/@nats-io/transport-node/-/transport-node-3.4.0.tgz",
      "integrity": "sha512-hH7u7ejIBTFEJIZ8rIcMrHJI6wl+HhpO5sVFs1+ppmXa8RuB2+Lh1+UwTzZ5xTNNm1TKcRkYy+2qCV56qp8RxA==",
      "license": "Apache-2.0",
      "dependencies": {
        "@nats-io/nats-core": "3.4.0",
        "@nats-io/nkeys": "2.0.3",
        "@nats-io/nuid": "3.0.0"
      },
      "engines": {
        "node": ">= 18.0.0"
      }
    },
    "node_modules/@redis/bloom": {
      "version": "6.3.0",
      "resolved": "https://registry.npmjs.org/@redis/bloom/-/bloom-6.3.0.tgz",
      "integrity": "sha512-NQ5poYpZr0jv6zazN1cy6JY5kIipKFZ3R9GTL4kOUTX3a9YAfY29U8bsE4lWhVQEM+G4V0BXVC57mubIdDijeA==",
      "license": "MIT",
      "engines": {
        "node": ">= 20.0.0"
      },
      "peerDependencies": {
        "@redis/client": "^6.3.0"
      }
    },
    "node_modules/@redis/client": {
      "version": "6.3.0",
      "resolved": "https://registry.npmjs.org/@redis/client/-/client-6.3.0.tgz",
      "integrity": "sha512-fHrjwGCBvAANGi+TuRuwKi83sIOzgHr8eh+Uf48w3fSX7Hhrz174NrWqfJhAC2vnN0d/tfaZpdr6+o6JC3QHwg==",
      "license": "MIT",
      "engines": {
        "node": ">= 20.0.0"
      },
      "peerDependencies": {
        "@node-rs/xxhash": "^1.1.0",
        "@opentelemetry/api": ">=1 <2"
      },
      "peerDependenciesMeta": {
        "@node-rs/xxhash": {
          "optional": true
        },
        "@opentelemetry/api": {
          "optional": true
        }
      }
    },
    "node_modules/@redis/json": {
      "version": "6.3.0",
      "resolved": "https://registry.npmjs.org/@redis/json/-/json-6.3.0.tgz",
      "integrity": "sha512-yt6vRfPBXtW/3qm53cF81TSQpLMjWdW4/2E9WQ2GgbvsKkuCKCFQIcMiKlil1ZMnezK+IQuS795xKU5psbaegw==",
      "license": "MIT",
      "engines": {
        "node": ">= 20.0.0"
      },
      "peerDependencies": {
        "@redis/client": "^6.3.0"
      }
    },
    "node_modules/@redis/search": {
      "version": "6.3.0",
      "resolved": "https://registry.npmjs.org/@redis/search/-/search-6.3.0.tgz",
      "integrity": "sha512-RPXAZmKjZZG7Tm7m1w9keFdXzbL91PiSHQBfQRe9xwW40jNsTRbG0FwhIz4QlHPU4gKDAsCy8IQHj4yZl4H9rw==",
      "license": "MIT",
      "engines": {
        "node": ">= 20.0.0"
      },
      "peerDependencies": {
        "@redis/client": "^6.3.0"
      }
    },
    "node_modules/@redis/time-series": {
      "version": "6.3.0",
      "resolved": "https://registry.npmjs.org/@redis/time-series/-/time-series-6.3.0.tgz",
      "integrity": "sha512-+fJOB8mN1z5WRakCJNh5lVdz1KqvHGSOistsKeitD24QsCtPwyRQXWC0iq6T/i/ubLE/YcguZqPm8F598MKk4A==",
      "license": "MIT",
      "engines": {
        "node": ">= 20.0.0"
      },
      "peerDependencies": {
        "@redis/client": "^6.3.0"
      }
    },
    "node_modules/redis": {
      "version": "6.3.0",
      "resolved": "https://registry.npmjs.org/redis/-/redis-6.3.0.tgz",
      "integrity": "sha512-XFQbPie1lGpKeUZ8ySYY43yLnQy/iIQtHNvIr/1XdaABpb96rUSdm3Mfl+98FEVbv9ZJIzINMno5s0Nh8E5LEw==",
      "license": "MIT",
      "dependencies": {
        "@redis/bloom": "6.3.0",
        "@redis/client": "6.3.0",
        "@redis/json": "6.3.0",
        "@redis/search": "6.3.0",
        "@redis/time-series": "6.3.0"
      },
      "engines": {
        "node": ">= 20.0.0"
      }
    },
    "node_modules/tweetnacl": {
      "version": "1.0.3",
      "resolved": "https://registry.npmjs.org/tweetnacl/-/tweetnacl-1.0.3.tgz",
      "integrity": "sha512-6rt+RN7aOi1nGMyC4Xa5DdYiukl2UWCbcJft7YhxReBGQD7OAM8Pbxw6YMo4r2diNEA8FEmu32YOn9rhaiE5yw==",
      "license": "Unlicense"
    },
    "node_modules/zod": {
      "version": "4.6.5",
      "resolved": "https://registry.npmjs.org/zod/-/zod-4.6.5.tgz",
      "integrity": "sha512-v5l/aFXZQeai4awLbOpSoHecE9UiMrnfx75tEXLjNonXVARxQ5mOeipTjROUchszUNCqnE+hqAMujRsRHsut2Q==",
      "license": "MIT",
      "funding": {
        "url": "https://github.com/sponsors/colinhacks"
      }
    }
  }
}
