{
  "name": "capital-ai-runtime",
  "version": "0.8.0-alpha.1",
  "lockfileVersion": 3,
  "requires": true,
  "packages": {
    "": {
      "name": "capital-ai-runtime",
      "version": "0.8.0-alpha.1",
      "private": true,
      "dependencies": {
        "@nats-io/jetstream": "3.4.0",
        "@nats-io/transport-node": "3.4.0",
        "redis": "6.2.1",
        "zod": "4.6.5"
      }
    },
    "node_modules/@nats-io/jetstream": {
      "version": "3.4.0",
      "resolved": "https://registry.npmjs.org/@nats-io/jetstream/-/jetstream-3.4.0.tgz",
      "integrity": "sha512-GzHQodNJ942+R5LRb8PuZ5ugVWVWMRiufxUYLLVWkXKfwDXYN+Owo0d7L/b9O7BPyrbYD7jQWAC6+ZVuXa9Gyw==",
      "license": "Apache-2.0",
      "dependencies": {
        "@nats-io/nats-core": "3.4.0"
      }
    },
    "node_modules/@nats-io/nats-core": {
      "version": "3.4.0",
      "resolved": "https://registry.npmjs.org/@nats-io/nats-core/-/nats-core-3.4.0.tgz",
      "integrity": "sha512-QMDM86EUNm+wudlKC67HLar/KHHQUvJGLfb4jbahje3pUk3K9afeck9fwsxBZF0eUFox6T/TA6m/t+lQqf+QsQ==",
      "license": "Apache-2.0",
      "dependencies": {
        "@nats-io/nkeys": "2.0.3",
        "@nats-io/nuid": "3.0.0"
      }
    },
    "node_modules/@nats-io/nkeys": {
      "version": "2.0.3",
      "resolved": "https://registry.npmjs.org/@nats-io/nkeys/-/nkeys-2.0.3.tgz",
      "integrity": "sha512-JVt56GuE6Z89KUkI4TXUbSI9fmIfAmk6PMPknijmuL72GcD+UgIomTcRWiNvvJKxA01sBbmIPStqJs5cMRBC3A==",
      "license": "Apache-2.0",
      "dependencies": {
        "tweetnacl": "^1.0.3"
      },
      "engines": {
        "node": ">=18.0.0"
      }
    },
    "node_modules/@nats-io/nuid": {
      "version": "3.0.0",
      "resolved": "https://registry.npmjs.org/@nats-io/nuid/-/nuid-3.0.0.tgz",
      "integrity": "sha512-QbXZDrxmYlrn5AD06gYcUTmEHwxn96HBQMIk7XTjDlEcx6FPzVBBPjp4AMRh1lEv6B4iJ6Xb/Uz61JugPXFRQg==",
      "license": "Apache-2.0",
      "engines": {
        "node": ">= 22.x"
      }
    },
    "node_modules/@nats-io/transport-node": {
      "version": "3.4.0",
      "resolved": "https://registry.npmjs.org/@nats-io/transport-node/-/transport-node-3.4.0.tgz",
      "integrity": "sha512-hH7u7ejIBTFEJIZ8rIcMrHJI6wl+HhpO5sVFs1+ppmXa8RuB2+Lh1+UwTzZ5xTNNm1TKcRkYy+2qCV56qp8RxA==",
      "license": "Apache-2.0",
      "dependencies": {
        "@nats-io/nats-core": "3.4.0",
        "@nats-io/nkeys": "2.0.3",
        "@nats-io/nuid": "3.0.0"
      },
      "engines": {
        "node": ">= 18.0.0"
      }
    },
    "node_modules/@redis/bloom": {
      "version": "6.2.1",
      "resolved": "https://registry.npmjs.org/@redis/bloom/-/bloom-6.2.1.tgz",
      "integrity": "sha512-huQgNLaCIZfQ9SeLn4q9124uOUd8HbZDYHwwUzNcRgHqCHiHKl2dDxMqJCeWh8cMqZAoWuHR8XnWbDMIf+o7ag==",
      "license": "MIT",
      "engines": {
        "node": ">= 20.0.0"
      },
      "peerDependencies": {
        "@redis/client": "^6.2.1"
      }
    },
    "node_modules/@redis/client": {
      "version": "6.2.1",
      "resolved": "https://registry.npmjs.org/@redis/client/-/client-6.2.1.tgz",
      "integrity": "sha512-LzxBY7SIBvvJiyCgcaJZZakE3fJrZZ++i24+EDW9fKpCl68D35uJcKFpZZwCfOoG9WZTbyZlMzMeM0gtOAMU9Q==",
      "license": "MIT",
      "dependencies": {
        "cluster-key-slot": "1.1.2"
      },
      "engines": {
        "node": ">= 20.0.0"
      },
      "peerDependencies": {
        "@node-rs/xxhash": "^1.1.0",
        "@opentelemetry/api": ">=1 <2"
      },
      "peerDependenciesMeta": {
        "@node-rs/xxhash": {
          "optional": true
        },
        "@opentelemetry/api": {
          "optional": true
        }
      }
    },
    "node_modules/@redis/json": {
      "version": "6.2.1",
      "resolved": "https://registry.npmjs.org/@redis/json/-/json-6.2.1.tgz",
      "integrity": "sha512-AFIUJ8Gj0DaaSBHYuSt8+O0oYWM+50OK1c0OmodB7XERIA8+BbyV3O4v76f9iccWasd1/7qjfZTpuzexUaZtrQ==",
      "license": "MIT",
      "engines": {
        "node": ">= 20.0.0"
      },
      "peerDependencies": {
        "@redis/client": "^6.2.1"
      }
    },
    "node_modules/@redis/search": {
      "version": "6.2.1",
      "resolved": "https://registry.npmjs.org/@redis/search/-/search-6.2.1.tgz",
      "integrity": "sha512-2vfOAOyYFE7UUw3sBBlkqqruBtOUS4HRY5MtW4hp83llrwvtrTE4r22CEqXddlV+54zkLxBE4nmsIJ/dpezQrQ==",
      "license": "MIT",
      "engines": {
        "node": ">= 20.0.0"
      },
      "peerDependencies": {
        "@redis/client": "^6.2.1"
      }
    },
    "node_modules/@redis/time-series": {
      "version": "6.2.1",
      "resolved": "https://registry.npmjs.org/@redis/time-series/-/time-series-6.2.1.tgz",
      "integrity": "sha512-kiYniph04dJOole+L359B6C9E+jYS2uDP7hca6Onj0xF38ZIpyxARO0Iq0W4ZRn1e8Q6vqW00QFZVSMRA/2Ijw==",
      "license": "MIT",
      "engines": {
        "node": ">= 20.0.0"
      },
      "peerDependencies": {
        "@redis/client": "^6.2.1"
      }
    },
    "node_modules/cluster-key-slot": {
      "version": "1.1.2",
      "resolved": "https://registry.npmjs.org/cluster-key-slot/-/cluster-key-slot-1.1.2.tgz",
      "integrity": "sha512-RMr0FhtfXemyinomL4hrWcYJxmX6deFdCxpJzhDttxgO1+bcCnkk+9drydLVDmAMG7NE6aN/fl4F7ucU/90gAA==",
      "license": "Apache-2.0",
      "engines": {
        "node": ">=0.10.0"
      }
    },
    "node_modules/redis": {
      "version": "6.2.1",
      "resolved": "https://registry.npmjs.org/redis/-/redis-6.2.1.tgz",
      "integrity": "sha512-Z9VHtgYs48PiQC77X9O2Er8Hj4T+5BtFjT91/vi5Is1D04N72cA946ZslM1ImJw8ZctFBZWAVjM7S5wJNeHMpg==",
      "license": "MIT",
      "dependencies": {
        "@redis/bloom": "6.2.1",
        "@redis/client": "6.2.1",
        "@redis/json": "6.2.1",
        "@redis/search": "6.2.1",
        "@redis/time-series": "6.2.1"
      },
      "engines": {
        "node": ">= 20.0.0"
      }
    },
    "node_modules/tweetnacl": {
      "version": "1.0.3",
      "resolved": "https://registry.npmjs.org/tweetnacl/-/tweetnacl-1.0.3.tgz",
      "integrity": "sha512-6rt+RN7aOi1nGMyC4Xa5DdYiukl2UWCbcJft7YhxReBGQD7OAM8Pbxw6YMo4r2diNEA8FEmu32YOn9rhaiE5yw==",
      "license": "Unlicense"
    },
    "node_modules/zod": {
      "version": "4.6.5",
      "resolved": "https://registry.npmjs.org/zod/-/zod-4.6.5.tgz",
      "integrity": "sha512-v5l/aFXZQeai4awLbOpSoHecE9UiMrnfx75tEXLjNonXVARxQ5mOeipTjROUchszUNCqnE+hqAMujRsRHsut2Q==",
      "license": "MIT",
      "funding": {
        "url": "https://github.com/sponsors/colinhacks"
      }
    }
  }
}
